
Microsoft Visual Studio Solution File, Format Version 12.00
# Visual Studio 2012
Project("{FAE04EC0-301F-11D3-BF4B-00C04F79EFBC}") = "v1lab5", "v1lab5\v1lab5.csproj", "{7699260E-835D-4631-B5A5-392E1E6A49EC}"
EndProject
Project("{FAE04EC0-301F-11D3-BF4B-00C04F79EFBC}") = "MenuSample", "MenuSample\MenuSample.csproj", "{9633E7AE-01BD-4DD0-A475-89922BB1A5F5}"
EndProject
Project("{FAE04EC0-301F-11D3-BF4B-00C04F79EFBC}") = "v2lab5", "v2lab5\v2lab5.csproj", "{A625438A-E604-4208-852C-DE1274AF640A}"
EndProject
Project("{FAE04EC0-301F-11D3-BF4B-00C04F79EFBC}") = "v2lab6", "v2lab6\v2lab6.csproj", "{06DA8BE1-7BFB-4A20-AF4C-A55F874A3C99}"
EndProject
Project("{FAE04EC0-301F-11D3-BF4B-00C04F79EFBC}") = "v3lab5", "v3lab5\v3lab5.csproj", "{E280E343-4E28-4AFC-AD5D-06A4CF9A502E}"
EndProject
Project("{FAE04EC0-301F-11D3-BF4B-00C04F79EFBC}") = "v3lab6", "v3lab6\v3lab6.csproj", "{6816E246-303D-48E6-ADA4-487A47A9F141}"
EndProject
Project("{FAE04EC0-301F-11D3-BF4B-00C04F79EFBC}") = "CsvSerializationSample", "CsvSerializationSample\CsvSerializationSample.csproj", "{743EBDF0-A47B-4CCD-9C8E-6154C74D0653}"
EndProject
Project("{FAE04EC0-301F-11D3-BF4B-00C04F79EFBC}") = "v4lab5", "v4lab5\v4lab5.csproj", "{92C0BA5C-29F0-45B6-9667-FC96449E1F31}"
EndProject
Project("{FAE04EC0-301F-11D3-BF4B-00C04F79EFBC}") = "v4lab6", "v4lab6\v4lab6.csproj", "{58167EAC-8AB8-491E-9AE8-9E4308AE0928}"
EndProject
Project("{FAE04EC0-301F-11D3-BF4B-00C04F79EFBC}") = "IteratorImplSample", "IteratorImplSample\IteratorImplSample.csproj", "{7F6068AB-756C-4531-B0ED-0B418EE9640C}"
EndProject
Project("{FAE04EC0-301F-11D3-BF4B-00C04F79EFBC}") = "v5lab5", "v5lab5\v5lab5.csproj", "{E6C8524A-976E-49CF-BD6B-7B857F86BD0B}"
EndProject
Project("{FAE04EC0-301F-11D3-BF4B-00C04F79EFBC}") = "v5lab6", "v5lab6\v5lab6.csproj", "{97762997-08DD-4307-8C40-60F734DBFF24}"
EndProject
Project("{FAE04EC0-301F-11D3-BF4B-00C04F79EFBC}") = "XmlSerializationSample", "XmlSerializationSample\XmlSerializationSample.csproj", "{8AC81C6C-7BCC-4ECD-9980-14F34FC8B497}"
EndProject
Project("{FAE04EC0-301F-11D3-BF4B-00C04F79EFBC}") = "v6lab5", "v6lab5\v6lab5.csproj", "{EB940DB3-D1B7-4916-8BA1-AD02867475AE}"
EndProject
Project("{FAE04EC0-301F-11D3-BF4B-00C04F79EFBC}") = "SoapSerializationSample", "SoapSerializationSample\SoapSerializationSample.csproj", "{616A5401-7378-4B54-B30D-6B047C70D4A8}"
EndProject
Project("{FAE04EC0-301F-11D3-BF4B-00C04F79EFBC}") = "v7lab5", "v7lab5\v7lab5.csproj", "{692AA92D-9CFF-4D0D-B500-280F984543B1}"
EndProject
Project("{FAE04EC0-301F-11D3-BF4B-00C04F79EFBC}") = "v7lab6", "v7lab6\v7lab6.csproj", "{942A971B-4C3F-479E-9775-1C72EC188EF3}"
EndProject
Project("{FAE04EC0-301F-11D3-BF4B-00C04F79EFBC}") = "v8lab5", "v8lab5\v8lab5.csproj", "{7035A662-855C-4AE7-A841-1CC0891D87E4}"
EndProject
Project("{FAE04EC0-301F-11D3-BF4B-00C04F79EFBC}") = "v8lab6", "v8lab6\v8lab6.csproj", "{B65A8E39-7666-4B2F-B290-1CE85154D861}"
EndProject
Project("{FAE04EC0-301F-11D3-BF4B-00C04F79EFBC}") = "v9lab5", "v9lab5\v9lab5.csproj", "{66F35F9C-C5C9-4B58-88D8-6C8E98DED11F}"
EndProject
Project("{FAE04EC0-301F-11D3-BF4B-00C04F79EFBC}") = "v9lab6", "v9lab6\v9lab6.csproj", "{C1D1FC31-3B27-4A0D-BDBB-62F1F56262A0}"
EndProject
Project("{FAE04EC0-301F-11D3-BF4B-00C04F79EFBC}") = "v10lab5", "v10lab5\v10lab5.csproj", "{430129BC-5326-43C9-AA67-207645B90F52}"
EndProject
Project("{FAE04EC0-301F-11D3-BF4B-00C04F79EFBC}") = "v1lab6", "v1lab6\v1lab6.csproj", "{81EF81C5-B728-4360-AB20-B57314876312}"
EndProject
Global
	GlobalSection(SolutionConfigurationPlatforms) = preSolution
		Debug|Any CPU = Debug|Any CPU
		Release|Any CPU = Release|Any CPU
	EndGlobalSection
	GlobalSection(ProjectConfigurationPlatforms) = postSolution
		{7699260E-835D-4631-B5A5-392E1E6A49EC}.Debug|Any CPU.ActiveCfg = Debug|Any CPU
		{7699260E-835D-4631-B5A5-392E1E6A49EC}.Debug|Any CPU.Build.0 = Debug|Any CPU
		{7699260E-835D-4631-B5A5-392E1E6A49EC}.Release|Any CPU.ActiveCfg = Release|Any CPU
		{7699260E-835D-4631-B5A5-392E1E6A49EC}.Release|Any CPU.Build.0 = Release|Any CPU
		{9633E7AE-01BD-4DD0-A475-89922BB1A5F5}.Debug|Any CPU.ActiveCfg = Debug|Any CPU
		{9633E7AE-01BD-4DD0-A475-89922BB1A5F5}.Debug|Any CPU.Build.0 = Debug|Any CPU
		{9633E7AE-01BD-4DD0-A475-89922BB1A5F5}.Release|Any CPU.ActiveCfg = Release|Any CPU
		{9633E7AE-01BD-4DD0-A475-89922BB1A5F5}.Release|Any CPU.Build.0 = Release|Any CPU
		{A625438A-E604-4208-852C-DE1274AF640A}.Debug|Any CPU.ActiveCfg = Debug|Any CPU
		{A625438A-E604-4208-852C-DE1274AF640A}.Debug|Any CPU.Build.0 = Debug|Any CPU
		{A625438A-E604-4208-852C-DE1274AF640A}.Release|Any CPU.ActiveCfg = Release|Any CPU
		{A625438A-E604-4208-852C-DE1274AF640A}.Release|Any CPU.Build.0 = Release|Any CPU
		{06DA8BE1-7BFB-4A20-AF4C-A55F874A3C99}.Debug|Any CPU.ActiveCfg = Debug|Any CPU
		{06DA8BE1-7BFB-4A20-AF4C-A55F874A3C99}.Debug|Any CPU.Build.0 = Debug|Any CPU
		{06DA8BE1-7BFB-4A20-AF4C-A55F874A3C99}.Release|Any CPU.ActiveCfg = Release|Any CPU
		{06DA8BE1-7BFB-4A20-AF4C-A55F874A3C99}.Release|Any CPU.Build.0 = Release|Any CPU
		{E280E343-4E28-4AFC-AD5D-06A4CF9A502E}.Debug|Any CPU.ActiveCfg = Debug|Any CPU
		{E280E343-4E28-4AFC-AD5D-06A4CF9A502E}.Debug|Any CPU.Build.0 = Debug|Any CPU
		{E280E343-4E28-4AFC-AD5D-06A4CF9A502E}.Release|Any CPU.ActiveCfg = Release|Any CPU
		{E280E343-4E28-4AFC-AD5D-06A4CF9A502E}.Release|Any CPU.Build.0 = Release|Any CPU
		{6816E246-303D-48E6-ADA4-487A47A9F141}.Debug|Any CPU.ActiveCfg = Debug|Any CPU
		{6816E246-303D-48E6-ADA4-487A47A9F141}.Debug|Any CPU.Build.0 = Debug|Any CPU
		{6816E246-303D-48E6-ADA4-487A47A9F141}.Release|Any CPU.ActiveCfg = Release|Any CPU
		{6816E246-303D-48E6-ADA4-487A47A9F141}.Release|Any CPU.Build.0 = Release|Any CPU
		{743EBDF0-A47B-4CCD-9C8E-6154C74D0653}.Debug|Any CPU.ActiveCfg = Debug|Any CPU
		{743EBDF0-A47B-4CCD-9C8E-6154C74D0653}.Debug|Any CPU.Build.0 = Debug|Any CPU
		{743EBDF0-A47B-4CCD-9C8E-6154C74D0653}.Release|Any CPU.ActiveCfg = Release|Any CPU
		{743EBDF0-A47B-4CCD-9C8E-6154C74D0653}.Release|Any CPU.Build.0 = Release|Any CPU
		{92C0BA5C-29F0-45B6-9667-FC96449E1F31}.Debug|Any CPU.ActiveCfg = Debug|Any CPU
		{92C0BA5C-29F0-45B6-9667-FC96449E1F31}.Debug|Any CPU.Build.0 = Debug|Any CPU
		{92C0BA5C-29F0-45B6-9667-FC96449E1F31}.Release|Any CPU.ActiveCfg = Release|Any CPU
		{92C0BA5C-29F0-45B6-9667-FC96449E1F31}.Release|Any CPU.Build.0 = Release|Any CPU
		{58167EAC-8AB8-491E-9AE8-9E4308AE0928}.Debug|Any CPU.ActiveCfg = Debug|Any CPU
		{58167EAC-8AB8-491E-9AE8-9E4308AE0928}.Debug|Any CPU.Build.0 = Debug|Any CPU
		{58167EAC-8AB8-491E-9AE8-9E4308AE0928}.Release|Any CPU.ActiveCfg = Release|Any CPU
		{58167EAC-8AB8-491E-9AE8-9E4308AE0928}.Release|Any CPU.Build.0 = Release|Any CPU
		{7F6068AB-756C-4531-B0ED-0B418EE9640C}.Debug|Any CPU.ActiveCfg = Debug|Any CPU
		{7F6068AB-756C-4531-B0ED-0B418EE9640C}.Debug|Any CPU.Build.0 = Debug|Any CPU
		{7F6068AB-756C-4531-B0ED-0B418EE9640C}.Release|Any CPU.ActiveCfg = Release|Any CPU
		{7F6068AB-756C-4531-B0ED-0B418EE9640C}.Release|Any CPU.Build.0 = Release|Any CPU
		{E6C8524A-976E-49CF-BD6B-7B857F86BD0B}.Debug|Any CPU.ActiveCfg = Debug|Any CPU
		{E6C8524A-976E-49CF-BD6B-7B857F86BD0B}.Debug|Any CPU.Build.0 = Debug|Any CPU
		{E6C8524A-976E-49CF-BD6B-7B857F86BD0B}.Release|Any CPU.ActiveCfg = Release|Any CPU
		{E6C8524A-976E-49CF-BD6B-7B857F86BD0B}.Release|Any CPU.Build.0 = Release|Any CPU
		{97762997-08DD-4307-8C40-60F734DBFF24}.Debug|Any CPU.ActiveCfg = Debug|Any CPU
		{97762997-08DD-4307-8C40-60F734DBFF24}.Debug|Any CPU.Build.0 = Debug|Any CPU
		{97762997-08DD-4307-8C40-60F734DBFF24}.Release|Any CPU.ActiveCfg = Release|Any CPU
		{97762997-08DD-4307-8C40-60F734DBFF24}.Release|Any CPU.Build.0 = Release|Any CPU
		{8AC81C6C-7BCC-4ECD-9980-14F34FC8B497}.Debug|Any CPU.ActiveCfg = Debug|Any CPU
		{8AC81C6C-7BCC-4ECD-9980-14F34FC8B497}.Debug|Any CPU.Build.0 = Debug|Any CPU
		{8AC81C6C-7BCC-4ECD-9980-14F34FC8B497}.Release|Any CPU.ActiveCfg = Release|Any CPU
		{8AC81C6C-7BCC-4ECD-9980-14F34FC8B497}.Release|Any CPU.Build.0 = Release|Any CPU
		{EB940DB3-D1B7-4916-8BA1-AD02867475AE}.Debug|Any CPU.ActiveCfg = Debug|Any CPU
		{EB940DB3-D1B7-4916-8BA1-AD02867475AE}.Debug|Any CPU.Build.0 = Debug|Any CPU
		{EB940DB3-D1B7-4916-8BA1-AD02867475AE}.Release|Any CPU.ActiveCfg = Release|Any CPU
		{EB940DB3-D1B7-4916-8BA1-AD02867475AE}.Release|Any CPU.Build.0 = Release|Any CPU
		{616A5401-7378-4B54-B30D-6B047C70D4A8}.Debug|Any CPU.ActiveCfg = Debug|Any CPU
		{616A5401-7378-4B54-B30D-6B047C70D4A8}.Debug|Any CPU.Build.0 = Debug|Any CPU
		{616A5401-7378-4B54-B30D-6B047C70D4A8}.Release|Any CPU.ActiveCfg = Release|Any CPU
		{616A5401-7378-4B54-B30D-6B047C70D4A8}.Release|Any CPU.Build.0 = Release|Any CPU
		{692AA92D-9CFF-4D0D-B500-280F984543B1}.Debug|Any CPU.ActiveCfg = Debug|Any CPU
		{692AA92D-9CFF-4D0D-B500-280F984543B1}.Debug|Any CPU.Build.0 = Debug|Any CPU
		{692AA92D-9CFF-4D0D-B500-280F984543B1}.Release|Any CPU.ActiveCfg = Release|Any CPU
		{692AA92D-9CFF-4D0D-B500-280F984543B1}.Release|Any CPU.Build.0 = Release|Any CPU
		{942A971B-4C3F-479E-9775-1C72EC188EF3}.Debug|Any CPU.ActiveCfg = Debug|Any CPU
		{942A971B-4C3F-479E-9775-1C72EC188EF3}.Debug|Any CPU.Build.0 = Debug|Any CPU
		{942A971B-4C3F-479E-9775-1C72EC188EF3}.Release|Any CPU.ActiveCfg = Release|Any CPU
		{942A971B-4C3F-479E-9775-1C72EC188EF3}.Release|Any CPU.Build.0 = Release|Any CPU
		{7035A662-855C-4AE7-A841-1CC0891D87E4}.Debug|Any CPU.ActiveCfg = Debug|Any CPU
		{7035A662-855C-4AE7-A841-1CC0891D87E4}.Debug|Any CPU.Build.0 = Debug|Any CPU
		{7035A662-855C-4AE7-A841-1CC0891D87E4}.Release|Any CPU.ActiveCfg = Release|Any CPU
		{7035A662-855C-4AE7-A841-1CC0891D87E4}.Release|Any CPU.Build.0 = Release|Any CPU
		{B65A8E39-7666-4B2F-B290-1CE85154D861}.Debug|Any CPU.ActiveCfg = Debug|Any CPU
		{B65A8E39-7666-4B2F-B290-1CE85154D861}.Debug|Any CPU.Build.0 = Debug|Any CPU
		{B65A8E39-7666-4B2F-B290-1CE85154D861}.Release|Any CPU.ActiveCfg = Release|Any CPU
		{B65A8E39-7666-4B2F-B290-1CE85154D861}.Release|Any CPU.Build.0 = Release|Any CPU
		{66F35F9C-C5C9-4B58-88D8-6C8E98DED11F}.Debug|Any CPU.ActiveCfg = Debug|Any CPU
		{66F35F9C-C5C9-4B58-88D8-6C8E98DED11F}.Debug|Any CPU.Build.0 = Debug|Any CPU
		{66F35F9C-C5C9-4B58-88D8-6C8E98DED11F}.Release|Any CPU.ActiveCfg = Release|Any CPU
		{66F35F9C-C5C9-4B58-88D8-6C8E98DED11F}.Release|Any CPU.Build.0 = Release|Any CPU
		{C1D1FC31-3B27-4A0D-BDBB-62F1F56262A0}.Debug|Any CPU.ActiveCfg = Debug|Any CPU
		{C1D1FC31-3B27-4A0D-BDBB-62F1F56262A0}.Debug|Any CPU.Build.0 = Debug|Any CPU
		{C1D1FC31-3B27-4A0D-BDBB-62F1F56262A0}.Release|Any CPU.ActiveCfg = Release|Any CPU
		{C1D1FC31-3B27-4A0D-BDBB-62F1F56262A0}.Release|Any CPU.Build.0 = Release|Any CPU
		{430129BC-5326-43C9-AA67-207645B90F52}.Debug|Any CPU.ActiveCfg = Debug|Any CPU
		{430129BC-5326-43C9-AA67-207645B90F52}.Debug|Any CPU.Build.0 = Debug|Any CPU
		{430129BC-5326-43C9-AA67-207645B90F52}.Release|Any CPU.ActiveCfg = Release|Any CPU
		{430129BC-5326-43C9-AA67-207645B90F52}.Release|Any CPU.Build.0 = Release|Any CPU
		{81EF81C5-B728-4360-AB20-B57314876312}.Debug|Any CPU.ActiveCfg = Debug|Any CPU
		{81EF81C5-B728-4360-AB20-B57314876312}.Debug|Any CPU.Build.0 = Debug|Any CPU
		{81EF81C5-B728-4360-AB20-B57314876312}.Release|Any CPU.ActiveCfg = Release|Any CPU
		{81EF81C5-B728-4360-AB20-B57314876312}.Release|Any CPU.Build.0 = Release|Any CPU
	EndGlobalSection
	GlobalSection(SolutionProperties) = preSolution
		HideSolutionNode = FALSE
	EndGlobalSection
EndGlobal
